// !$*UTF8*$!
{
	archiveVersion = 1;
	classes = {
	};
	objectVersion = 56;
	objects = {

/* Begin PBXBuildFile section */
		0F1431B62C8D9F9E006708A4 /* MovieListViewController.swift in Sources */ = {isa = PBXBuildFile; fileRef = 0F1431B42C8D9F9E006708A4 /* MovieListViewController.swift */; };
		0F1431B72C8D9F9E006708A4 /* MovieListViewController.xib in Resources */ = {isa = PBXBuildFile; fileRef = 0F1431B52C8D9F9E006708A4 /* MovieListViewController.xib */; };
		0F1431BC2C8DA17C006708A4 /* MovieListTableViewCell.swift in Sources */ = {isa = PBXBuildFile; fileRef = 0F1431BA2C8DA17C006708A4 /* MovieListTableViewCell.swift */; };
		0F1431BD2C8DA17C006708A4 /* MovieListTableViewCell.xib in Resources */ = {isa = PBXBuildFile; fileRef = 0F1431BB2C8DA17C006708A4 /* MovieListTableViewCell.xib */; };
		0F1431C12C8DCD78006708A4 /* PaginationLoaderTableViewCell.swift in Sources */ = {isa = PBXBuildFile; fileRef = 0F1431BF2C8DCD78006708A4 /* PaginationLoaderTableViewCell.swift */; };
		0F1431C22C8DCD78006708A4 /* PaginationLoaderTableViewCell.xib in Resources */ = {isa = PBXBuildFile; fileRef = 0F1431C02C8DCD78006708A4 /* PaginationLoaderTableViewCell.xib */; };
		0F1431C52C8DD7C5006708A4 /* LoaderView.xib in Resources */ = {isa = PBXBuildFile; fileRef = 0F1431C42C8DD7C5006708A4 /* LoaderView.xib */; };
		0F1431C72C8DD815006708A4 /* LoaderView.swift in Sources */ = {isa = PBXBuildFile; fileRef = 0F1431C62C8DD815006708A4 /* LoaderView.swift */; };
		0F1431C92C8DF726006708A4 /* ErrorView.swift in Sources */ = {isa = PBXBuildFile; fileRef = 0F1431C82C8DF726006708A4 /* ErrorView.swift */; };
		0F1431CB2C8DF731006708A4 /* ErrorView.xib in Resources */ = {isa = PBXBuildFile; fileRef = 0F1431CA2C8DF731006708A4 /* ErrorView.xib */; };
		0F194A552C8F45D900B0D9E8 /* SearchMovieViewController.swift in Sources */ = {isa = PBXBuildFile; fileRef = 0F194A532C8F45D900B0D9E8 /* SearchMovieViewController.swift */; };
		0F194A562C8F45D900B0D9E8 /* SearchMovieViewController.xib in Resources */ = {isa = PBXBuildFile; fileRef = 0F194A542C8F45D900B0D9E8 /* SearchMovieViewController.xib */; };
		0F194A582C8F4EB800B0D9E8 /* SearchMoviesResponse.swift in Sources */ = {isa = PBXBuildFile; fileRef = 0F194A572C8F4EB800B0D9E8 /* SearchMoviesResponse.swift */; };
		0F194A5A2C8F4F3800B0D9E8 /* ImageRequestResponse.swift in Sources */ = {isa = PBXBuildFile; fileRef = 0F194A592C8F4F3800B0D9E8 /* ImageRequestResponse.swift */; };
		0F3FA59B2C90B1850077BC53 /* MovieDetailViewController.swift in Sources */ = {isa = PBXBuildFile; fileRef = 0F3FA5992C90B1850077BC53 /* MovieDetailViewController.swift */; };
		0F3FA59C2C90B1850077BC53 /* MovieDetailViewController.xib in Resources */ = {isa = PBXBuildFile; fileRef = 0F3FA59A2C90B1850077BC53 /* MovieDetailViewController.xib */; };
		0F4BF72D2C8C842F0029AAB8 /* AppDelegate.swift in Sources */ = {isa = PBXBuildFile; fileRef = 0F4BF72C2C8C842F0029AAB8 /* AppDelegate.swift */; };
		0F4BF72F2C8C842F0029AAB8 /* SceneDelegate.swift in Sources */ = {isa = PBXBuildFile; fileRef = 0F4BF72E2C8C842F0029AAB8 /* SceneDelegate.swift */; };
		0F4BF7312C8C842F0029AAB8 /* SplashViewController.swift in Sources */ = {isa = PBXBuildFile; fileRef = 0F4BF7302C8C842F0029AAB8 /* SplashViewController.swift */; };
		0F4BF7342C8C842F0029AAB8 /* Base in Resources */ = {isa = PBXBuildFile; fileRef = 0F4BF7332C8C842F0029AAB8 /* Base */; };
		0F4BF7362C8C84310029AAB8 /* Assets.xcassets in Resources */ = {isa = PBXBuildFile; fileRef = 0F4BF7352C8C84310029AAB8 /* Assets.xcassets */; };
		0F4BF7392C8C84310029AAB8 /* Base in Resources */ = {isa = PBXBuildFile; fileRef = 0F4BF7382C8C84310029AAB8 /* Base */; };
		0F4BF7442C8C84310029AAB8 /* DefaultMoviesAPITests.swift in Sources */ = {isa = PBXBuildFile; fileRef = 0F4BF7432C8C84310029AAB8 /* DefaultMoviesAPITests.swift */; };
		0F4BF74E2C8C84310029AAB8 /* MovieAppUITests.swift in Sources */ = {isa = PBXBuildFile; fileRef = 0F4BF74D2C8C84310029AAB8 /* MovieAppUITests.swift */; };
		0F4BF7502C8C84310029AAB8 /* MovieAppUITestsLaunchTests.swift in Sources */ = {isa = PBXBuildFile; fileRef = 0F4BF74F2C8C84310029AAB8 /* MovieAppUITestsLaunchTests.swift */; };
		0F4BF7632C8CA8540029AAB8 /* Movie.swift in Sources */ = {isa = PBXBuildFile; fileRef = 0F4BF7622C8CA8540029AAB8 /* Movie.swift */; };
		0F4BF76A2C8CAB590029AAB8 /* Server.swift in Sources */ = {isa = PBXBuildFile; fileRef = 0F4BF7652C8CAB590029AAB8 /* Server.swift */; };
		0F4BF76B2C8CAB590029AAB8 /* ImageRequestHandler.swift in Sources */ = {isa = PBXBuildFile; fileRef = 0F4BF7662C8CAB590029AAB8 /* ImageRequestHandler.swift */; };
		0F4BF76C2C8CAB590029AAB8 /* NetworkingError.swift in Sources */ = {isa = PBXBuildFile; fileRef = 0F4BF7672C8CAB590029AAB8 /* NetworkingError.swift */; };
		0F4BF76D2C8CAB590029AAB8 /* APIRequestHandler.swift in Sources */ = {isa = PBXBuildFile; fileRef = 0F4BF7682C8CAB590029AAB8 /* APIRequestHandler.swift */; };
		0F4BF76E2C8CAB590029AAB8 /* SessionProvider.swift in Sources */ = {isa = PBXBuildFile; fileRef = 0F4BF7692C8CAB590029AAB8 /* SessionProvider.swift */; };
		0F4BF7722C8CB4640029AAB8 /* MoviesAPI.swift in Sources */ = {isa = PBXBuildFile; fileRef = 0F4BF7712C8CB4630029AAB8 /* MoviesAPI.swift */; };
		0F4BF7742C8CC2E90029AAB8 /* MovieDetail.swift in Sources */ = {isa = PBXBuildFile; fileRef = 0F4BF7732C8CC2E90029AAB8 /* MovieDetail.swift */; };
		0F4BF7772C8CCD260029AAB8 /* MovieDetailResponse.swift in Sources */ = {isa = PBXBuildFile; fileRef = 0F4BF7762C8CCD260029AAB8 /* MovieDetailResponse.swift */; };
		0F4BF7792C8CCD530029AAB8 /* PopularMoviesResponse.swift in Sources */ = {isa = PBXBuildFile; fileRef = 0F4BF7782C8CCD530029AAB8 /* PopularMoviesResponse.swift */; };
		0F8289C62C9356F300009CA2 /* MovieListViewControllerTests.swift in Sources */ = {isa = PBXBuildFile; fileRef = 0F8289C52C9356F300009CA2 /* MovieListViewControllerTests.swift */; };
		0F8289C82C93588F00009CA2 /* MockMoviesAPI.swift in Sources */ = {isa = PBXBuildFile; fileRef = 0F8289C72C93588F00009CA2 /* MockMoviesAPI.swift */; };
		0F8289CD2C93627800009CA2 /* XCTest+Extension.swift in Sources */ = {isa = PBXBuildFile; fileRef = 0F8289CC2C93627800009CA2 /* XCTest+Extension.swift */; };
		0F9E3A972C93637B00C8FF77 /* BundleLocator.swift in Sources */ = {isa = PBXBuildFile; fileRef = 0F9E3A962C93637B00C8FF77 /* BundleLocator.swift */; };
		0F9E3A992C936C1B00C8FF77 /* SuccessPopularMoviesResponseWithNoNextPage.json in Resources */ = {isa = PBXBuildFile; fileRef = 0F8289CA2C93621700009CA2 /* SuccessPopularMoviesResponseWithNoNextPage.json */; };
/* End PBXBuildFile section */

/* Begin PBXContainerItemProxy section */
		0F4BF7402C8C84310029AAB8 /* PBXContainerItemProxy */ = {
			isa = PBXContainerItemProxy;
			containerPortal = 0F4BF7212C8C842F0029AAB8 /* Project object */;
			proxyType = 1;
			remoteGlobalIDString = 0F4BF7282C8C842F0029AAB8;
			remoteInfo = MovieApp;
		};
		0F4BF74A2C8C84310029AAB8 /* PBXContainerItemProxy */ = {
			isa = PBXContainerItemProxy;
			containerPortal = 0F4BF7212C8C842F0029AAB8 /* Project object */;
			proxyType = 1;
			remoteGlobalIDString = 0F4BF7282C8C842F0029AAB8;
			remoteInfo = MovieApp;
		};
/* End PBXContainerItemProxy section */

/* Begin PBXFileReference section */
		0F1431B42C8D9F9E006708A4 /* MovieListViewController.swift */ = {isa = PBXFileReference; lastKnownFileType = sourcecode.swift; path = MovieListViewController.swift; sourceTree = "<group>"; };
		0F1431B52C8D9F9E006708A4 /* MovieListViewController.xib */ = {isa = PBXFileReference; lastKnownFileType = file.xib; path = MovieListViewController.xib; sourceTree = "<group>"; };
		0F1431BA2C8DA17C006708A4 /* MovieListTableViewCell.swift */ = {isa = PBXFileReference; lastKnownFileType = sourcecode.swift; path = MovieListTableViewCell.swift; sourceTree = "<group>"; };
		0F1431BB2C8DA17C006708A4 /* MovieListTableViewCell.xib */ = {isa = PBXFileReference; lastKnownFileType = file.xib; path = MovieListTableViewCell.xib; sourceTree = "<group>"; };
		0F1431BF2C8DCD78006708A4 /* PaginationLoaderTableViewCell.swift */ = {isa = PBXFileReference; lastKnownFileType = sourcecode.swift; path = PaginationLoaderTableViewCell.swift; sourceTree = "<group>"; };
		0F1431C02C8DCD78006708A4 /* PaginationLoaderTableViewCell.xib */ = {isa = PBXFileReference; lastKnownFileType = file.xib; path = PaginationLoaderTableViewCell.xib; sourceTree = "<group>"; };
		0F1431C42C8DD7C5006708A4 /* LoaderView.xib */ = {isa = PBXFileReference; lastKnownFileType = file.xib; path = LoaderView.xib; sourceTree = "<group>"; };
		0F1431C62C8DD815006708A4 /* LoaderView.swift */ = {isa = PBXFileReference; lastKnownFileType = sourcecode.swift; path = LoaderView.swift; sourceTree = "<group>"; };
		0F1431C82C8DF726006708A4 /* ErrorView.swift */ = {isa = PBXFileReference; lastKnownFileType = sourcecode.swift; path = ErrorView.swift; sourceTree = "<group>"; };
		0F1431CA2C8DF731006708A4 /* ErrorView.xib */ = {isa = PBXFileReference; lastKnownFileType = file.xib; path = ErrorView.xib; sourceTree = "<group>"; };
		0F194A532C8F45D900B0D9E8 /* SearchMovieViewController.swift */ = {isa = PBXFileReference; lastKnownFileType = sourcecode.swift; path = SearchMovieViewController.swift; sourceTree = "<group>"; };
		0F194A542C8F45D900B0D9E8 /* SearchMovieViewController.xib */ = {isa = PBXFileReference; lastKnownFileType = file.xib; path = SearchMovieViewController.xib; sourceTree = "<group>"; };
		0F194A572C8F4EB800B0D9E8 /* SearchMoviesResponse.swift */ = {isa = PBXFileReference; lastKnownFileType = sourcecode.swift; path = SearchMoviesResponse.swift; sourceTree = "<group>"; };
		0F194A592C8F4F3800B0D9E8 /* ImageRequestResponse.swift */ = {isa = PBXFileReference; lastKnownFileType = sourcecode.swift; path = ImageRequestResponse.swift; sourceTree = "<group>"; };
		0F3FA5992C90B1850077BC53 /* MovieDetailViewController.swift */ = {isa = PBXFileReference; lastKnownFileType = sourcecode.swift; path = MovieDetailViewController.swift; sourceTree = "<group>"; };
		0F3FA59A2C90B1850077BC53 /* MovieDetailViewController.xib */ = {isa = PBXFileReference; lastKnownFileType = file.xib; path = MovieDetailViewController.xib; sourceTree = "<group>"; };
		0F4BF7292C8C842F0029AAB8 /* MovieApp.app */ = {isa = PBXFileReference; explicitFileType = wrapper.application; includeInIndex = 0; path = MovieApp.app; sourceTree = BUILT_PRODUCTS_DIR; };
		0F4BF72C2C8C842F0029AAB8 /* AppDelegate.swift */ = {isa = PBXFileReference; lastKnownFileType = sourcecode.swift; path = AppDelegate.swift; sourceTree = "<group>"; };
		0F4BF72E2C8C842F0029AAB8 /* SceneDelegate.swift */ = {isa = PBXFileReference; lastKnownFileType = sourcecode.swift; path = SceneDelegate.swift; sourceTree = "<group>"; };
		0F4BF7302C8C842F0029AAB8 /* SplashViewController.swift */ = {isa = PBXFileReference; lastKnownFileType = sourcecode.swift; path = SplashViewController.swift; sourceTree = "<group>"; };
		0F4BF7332C8C842F0029AAB8 /* Base */ = {isa = PBXFileReference; lastKnownFileType = file.storyboard; name = Base; path = Base.lproj/Main.storyboard; sourceTree = "<group>"; };
		0F4BF7352C8C84310029AAB8 /* Assets.xcassets */ = {isa = PBXFileReference; lastKnownFileType = folder.assetcatalog; path = Assets.xcassets; sourceTree = "<group>"; };
		0F4BF7382C8C84310029AAB8 /* Base */ = {isa = PBXFileReference; lastKnownFileType = file.storyboard; name = Base; path = Base.lproj/LaunchScreen.storyboard; sourceTree = "<group>"; };
		0F4BF73A2C8C84310029AAB8 /* Info.plist */ = {isa = PBXFileReference; lastKnownFileType = text.plist.xml; path = Info.plist; sourceTree = "<group>"; };
		0F4BF73F2C8C84310029AAB8 /* MovieAppTests.xctest */ = {isa = PBXFileReference; explicitFileType = wrapper.cfbundle; includeInIndex = 0; path = MovieAppTests.xctest; sourceTree = BUILT_PRODUCTS_DIR; };
		0F4BF7432C8C84310029AAB8 /* DefaultMoviesAPITests.swift */ = {isa = PBXFileReference; lastKnownFileType = sourcecode.swift; path = DefaultMoviesAPITests.swift; sourceTree = "<group>"; };
		0F4BF7492C8C84310029AAB8 /* MovieAppUITests.xctest */ = {isa = PBXFileReference; explicitFileType = wrapper.cfbundle; includeInIndex = 0; path = MovieAppUITests.xctest; sourceTree = BUILT_PRODUCTS_DIR; };
		0F4BF74D2C8C84310029AAB8 /* MovieAppUITests.swift */ = {isa = PBXFileReference; lastKnownFileType = sourcecode.swift; path = MovieAppUITests.swift; sourceTree = "<group>"; };
		0F4BF74F2C8C84310029AAB8 /* MovieAppUITestsLaunchTests.swift */ = {isa = PBXFileReference; lastKnownFileType = sourcecode.swift; path = MovieAppUITestsLaunchTests.swift; sourceTree = "<group>"; };
		0F4BF7622C8CA8540029AAB8 /* Movie.swift */ = {isa = PBXFileReference; lastKnownFileType = sourcecode.swift; path = Movie.swift; sourceTree = "<group>"; };
		0F4BF7652C8CAB590029AAB8 /* Server.swift */ = {isa = PBXFileReference; fileEncoding = 4; lastKnownFileType = sourcecode.swift; path = Server.swift; sourceTree = "<group>"; };
		0F4BF7662C8CAB590029AAB8 /* ImageRequestHandler.swift */ = {isa = PBXFileReference; fileEncoding = 4; lastKnownFileType = sourcecode.swift; path = ImageRequestHandler.swift; sourceTree = "<group>"; };
		0F4BF7672C8CAB590029AAB8 /* NetworkingError.swift */ = {isa = PBXFileReference; fileEncoding = 4; lastKnownFileType = sourcecode.swift; path = NetworkingError.swift; sourceTree = "<group>"; };
		0F4BF7682C8CAB590029AAB8 /* APIRequestHandler.swift */ = {isa = PBXFileReference; fileEncoding = 4; lastKnownFileType = sourcecode.swift; path = APIRequestHandler.swift; sourceTree = "<group>"; };
		0F4BF7692C8CAB590029AAB8 /* SessionProvider.swift */ = {isa = PBXFileReference; fileEncoding = 4; lastKnownFileType = sourcecode.swift; path = SessionProvider.swift; sourceTree = "<group>"; };
		0F4BF7712C8CB4630029AAB8 /* MoviesAPI.swift */ = {isa = PBXFileReference; lastKnownFileType = sourcecode.swift; path = MoviesAPI.swift; sourceTree = "<group>"; };
		0F4BF7732C8CC2E90029AAB8 /* MovieDetail.swift */ = {isa = PBXFileReference; lastKnownFileType = sourcecode.swift; path = MovieDetail.swift; sourceTree = "<group>"; };
		0F4BF7762C8CCD260029AAB8 /* MovieDetailResponse.swift */ = {isa = PBXFileReference; lastKnownFileType = sourcecode.swift; path = MovieDetailResponse.swift; sourceTree = "<group>"; };
		0F4BF7782C8CCD530029AAB8 /* PopularMoviesResponse.swift */ = {isa = PBXFileReference; lastKnownFileType = sourcecode.swift; path = PopularMoviesResponse.swift; sourceTree = "<group>"; };
		0F8289C52C9356F300009CA2 /* MovieListViewControllerTests.swift */ = {isa = PBXFileReference; lastKnownFileType = sourcecode.swift; path = MovieListViewControllerTests.swift; sourceTree = "<group>"; };
		0F8289C72C93588F00009CA2 /* MockMoviesAPI.swift */ = {isa = PBXFileReference; lastKnownFileType = sourcecode.swift; path = MockMoviesAPI.swift; sourceTree = "<group>"; };
		0F8289CA2C93621700009CA2 /* SuccessPopularMoviesResponseWithNoNextPage.json */ = {isa = PBXFileReference; lastKnownFileType = text.json; path = SuccessPopularMoviesResponseWithNoNextPage.json; sourceTree = "<group>"; };
		0F8289CC2C93627800009CA2 /* XCTest+Extension.swift */ = {isa = PBXFileReference; lastKnownFileType = sourcecode.swift; path = "XCTest+Extension.swift"; sourceTree = "<group>"; };
		0F9E3A962C93637B00C8FF77 /* BundleLocator.swift */ = {isa = PBXFileReference; lastKnownFileType = sourcecode.swift; path = BundleLocator.swift; sourceTree = "<group>"; };
/* End PBXFileReference section */

/* Begin PBXFrameworksBuildPhase section */
		0F4BF7262C8C842F0029AAB8 /* Frameworks */ = {
			isa = PBXFrameworksBuildPhase;
			buildActionMask = 2147483647;
			files = (
			);
			runOnlyForDeploymentPostprocessing = 0;
		};
		0F4BF73C2C8C84310029AAB8 /* Frameworks */ = {
			isa = PBXFrameworksBuildPhase;
			buildActionMask = 2147483647;
			files = (
			);
			runOnlyForDeploymentPostprocessing = 0;
		};
		0F4BF7462C8C84310029AAB8 /* Frameworks */ = {
			isa = PBXFrameworksBuildPhase;
			buildActionMask = 2147483647;
			files = (
			);
			runOnlyForDeploymentPostprocessing = 0;
		};
/* End PBXFrameworksBuildPhase section */

/* Begin PBXGroup section */
		0F1431B82C8D9FA9006708A4 /* MovieListViewController */ = {
			isa = PBXGroup;
			children = (
				0F1431B42C8D9F9E006708A4 /* MovieListViewController.swift */,
				0F1431B52C8D9F9E006708A4 /* MovieListViewController.xib */,
			);
			path = MovieListViewController;
			sourceTree = "<group>";
		};
		0F1431B92C8DA141006708A4 /* MovieListTableViewCell */ = {
			isa = PBXGroup;
			children = (
				0F1431BA2C8DA17C006708A4 /* MovieListTableViewCell.swift */,
				0F1431BB2C8DA17C006708A4 /* MovieListTableViewCell.xib */,
			);
			path = MovieListTableViewCell;
			sourceTree = "<group>";
		};
		0F1431BE2C8DCD4F006708A4 /* PaginationLoaderTableViewCell */ = {
			isa = PBXGroup;
			children = (
				0F1431BF2C8DCD78006708A4 /* PaginationLoaderTableViewCell.swift */,
				0F1431C02C8DCD78006708A4 /* PaginationLoaderTableViewCell.xib */,
			);
			path = PaginationLoaderTableViewCell;
			sourceTree = "<group>";
		};
		0F1431C32C8DD7AB006708A4 /* LoaderView */ = {
			isa = PBXGroup;
			children = (
				0F1431C62C8DD815006708A4 /* LoaderView.swift */,
				0F1431C42C8DD7C5006708A4 /* LoaderView.xib */,
			);
			path = LoaderView;
			sourceTree = "<group>";
		};
		0F1431CC2C8DF73B006708A4 /* ErrorView */ = {
			isa = PBXGroup;
			children = (
				0F1431C82C8DF726006708A4 /* ErrorView.swift */,
				0F1431CA2C8DF731006708A4 /* ErrorView.xib */,
			);
			path = ErrorView;
			sourceTree = "<group>";
		};
		0F1431CD2C8DF753006708A4 /* CommonViews */ = {
			isa = PBXGroup;
			children = (
				0F1431B92C8DA141006708A4 /* MovieListTableViewCell */,
				0F1431BE2C8DCD4F006708A4 /* PaginationLoaderTableViewCell */,
				0F1431CC2C8DF73B006708A4 /* ErrorView */,
				0F1431C32C8DD7AB006708A4 /* LoaderView */,
			);
			path = CommonViews;
			sourceTree = "<group>";
		};
		0F194A522C8F459700B0D9E8 /* SearchMovieViewController */ = {
			isa = PBXGroup;
			children = (
				0F194A532C8F45D900B0D9E8 /* SearchMovieViewController.swift */,
				0F194A542C8F45D900B0D9E8 /* SearchMovieViewController.xib */,
			);
			path = SearchMovieViewController;
			sourceTree = "<group>";
		};
		0F3FA59D2C90B18E0077BC53 /* MovieDetailViewController */ = {
			isa = PBXGroup;
			children = (
				0F3FA5992C90B1850077BC53 /* MovieDetailViewController.swift */,
				0F3FA59A2C90B1850077BC53 /* MovieDetailViewController.xib */,
			);
			path = MovieDetailViewController;
			sourceTree = "<group>";
		};
		0F4BF7202C8C842F0029AAB8 = {
			isa = PBXGroup;
			children = (
				0F4BF72B2C8C842F0029AAB8 /* MovieApp */,
				0F4BF7422C8C84310029AAB8 /* MovieAppTests */,
				0F4BF74C2C8C84310029AAB8 /* MovieAppUITests */,
				0F4BF72A2C8C842F0029AAB8 /* Products */,
			);
			sourceTree = "<group>";
		};
		0F4BF72A2C8C842F0029AAB8 /* Products */ = {
			isa = PBXGroup;
			children = (
				0F4BF7292C8C842F0029AAB8 /* MovieApp.app */,
				0F4BF73F2C8C84310029AAB8 /* MovieAppTests.xctest */,
				0F4BF7492C8C84310029AAB8 /* MovieAppUITests.xctest */,
			);
			name = Products;
			sourceTree = "<group>";
		};
		0F4BF72B2C8C842F0029AAB8 /* MovieApp */ = {
			isa = PBXGroup;
			children = (
				0F4BF7642C8CAA420029AAB8 /* Networking */,
				0F4BF7612C8CA8370029AAB8 /* Models */,
				0F1431B82C8D9FA9006708A4 /* MovieListViewController */,
				0F194A522C8F459700B0D9E8 /* SearchMovieViewController */,
				0F3FA59D2C90B18E0077BC53 /* MovieDetailViewController */,
				0F4BF77B2C8CCD980029AAB8 /* SplashViewController */,
				0F1431CD2C8DF753006708A4 /* CommonViews */,
				0F4BF72C2C8C842F0029AAB8 /* AppDelegate.swift */,
				0F4BF72E2C8C842F0029AAB8 /* SceneDelegate.swift */,
				0F4BF7322C8C842F0029AAB8 /* Main.storyboard */,
				0F4BF7352C8C84310029AAB8 /* Assets.xcassets */,
				0F4BF7372C8C84310029AAB8 /* LaunchScreen.storyboard */,
				0F4BF73A2C8C84310029AAB8 /* Info.plist */,
			);
			path = MovieApp;
			sourceTree = "<group>";
		};
		0F4BF7422C8C84310029AAB8 /* MovieAppTests */ = {
			isa = PBXGroup;
			children = (
				0F8289C92C9361FC00009CA2 /* MockJSONs */,
				0F4BF7432C8C84310029AAB8 /* DefaultMoviesAPITests.swift */,
				0F8289C52C9356F300009CA2 /* MovieListViewControllerTests.swift */,
				0F8289C72C93588F00009CA2 /* MockMoviesAPI.swift */,
				0F8289CC2C93627800009CA2 /* XCTest+Extension.swift */,
				0F9E3A962C93637B00C8FF77 /* BundleLocator.swift */,
			);
			path = MovieAppTests;
			sourceTree = "<group>";
		};
		0F4BF74C2C8C84310029AAB8 /* MovieAppUITests */ = {
			isa = PBXGroup;
			children = (
				0F4BF74D2C8C84310029AAB8 /* MovieAppUITests.swift */,
				0F4BF74F2C8C84310029AAB8 /* MovieAppUITestsLaunchTests.swift */,
			);
			path = MovieAppUITests;
			sourceTree = "<group>";
		};
		0F4BF7612C8CA8370029AAB8 /* Models */ = {
			isa = PBXGroup;
			children = (
				0F4BF7622C8CA8540029AAB8 /* Movie.swift */,
				0F4BF7732C8CC2E90029AAB8 /* MovieDetail.swift */,
			);
			path = Models;
			sourceTree = "<group>";
		};
		0F4BF7642C8CAA420029AAB8 /* Networking */ = {
			isa = PBXGroup;
			children = (
				0F4BF7682C8CAB590029AAB8 /* APIRequestHandler.swift */,
				0F4BF7662C8CAB590029AAB8 /* ImageRequestHandler.swift */,
				0F4BF7672C8CAB590029AAB8 /* NetworkingError.swift */,
				0F4BF7652C8CAB590029AAB8 /* Server.swift */,
				0F4BF7692C8CAB590029AAB8 /* SessionProvider.swift */,
				0F4BF77A2C8CCD6D0029AAB8 /* MoviesAPI */,
			);
			path = Networking;
			sourceTree = "<group>";
		};
		0F4BF7752C8CCD130029AAB8 /* ResponseTypes */ = {
			isa = PBXGroup;
			children = (
				0F4BF7762C8CCD260029AAB8 /* MovieDetailResponse.swift */,
				0F4BF7782C8CCD530029AAB8 /* PopularMoviesResponse.swift */,
				0F194A572C8F4EB800B0D9E8 /* SearchMoviesResponse.swift */,
				0F194A592C8F4F3800B0D9E8 /* ImageRequestResponse.swift */,
			);
			path = ResponseTypes;
			sourceTree = "<group>";
		};
		0F4BF77A2C8CCD6D0029AAB8 /* MoviesAPI */ = {
			isa = PBXGroup;
			children = (
				0F4BF7712C8CB4630029AAB8 /* MoviesAPI.swift */,
				0F4BF7752C8CCD130029AAB8 /* ResponseTypes */,
			);
			path = MoviesAPI;
			sourceTree = "<group>";
		};
		0F4BF77B2C8CCD980029AAB8 /* SplashViewController */ = {
			isa = PBXGroup;
			children = (
				0F4BF7302C8C842F0029AAB8 /* SplashViewController.swift */,
			);
			path = SplashViewController;
			sourceTree = "<group>";
		};
		0F8289C92C9361FC00009CA2 /* MockJSONs */ = {
			isa = PBXGroup;
			children = (
				0F8289CA2C93621700009CA2 /* SuccessPopularMoviesResponseWithNoNextPage.json */,
			);
			path = MockJSONs;
			sourceTree = "<group>";
		};
/* End PBXGroup section */

/* Begin PBXNativeTarget section */
		0F4BF7282C8C842F0029AAB8 /* MovieApp */ = {
			isa = PBXNativeTarget;
			buildConfigurationList = 0F4BF7532C8C84310029AAB8 /* Build configuration list for PBXNativeTarget "MovieApp" */;
			buildPhases = (
				0F4BF7252C8C842F0029AAB8 /* Sources */,
				0F4BF7262C8C842F0029AAB8 /* Frameworks */,
				0F4BF7272C8C842F0029AAB8 /* Resources */,
			);
			buildRules = (
			);
			dependencies = (
			);
			name = MovieApp;
			productName = MovieApp;
			productReference = 0F4BF7292C8C842F0029AAB8 /* MovieApp.app */;
			productType = "com.apple.product-type.application";
		};
		0F4BF73E2C8C84310029AAB8 /* MovieAppTests */ = {
			isa = PBXNativeTarget;
			buildConfigurationList = 0F4BF7562C8C84310029AAB8 /* Build configuration list for PBXNativeTarget "MovieAppTests" */;
			buildPhases = (
				0F4BF73B2C8C84310029AAB8 /* Sources */,
				0F4BF73C2C8C84310029AAB8 /* Frameworks */,
				0F4BF73D2C8C84310029AAB8 /* Resources */,
			);
			buildRules = (
			);
			dependencies = (
				0F4BF7412C8C84310029AAB8 /* PBXTargetDependency */,
			);
			name = MovieAppTests;
			productName = MovieAppTests;
			productReference = 0F4BF73F2C8C84310029AAB8 /* MovieAppTests.xctest */;
			productType = "com.apple.product-type.bundle.unit-test";
		};
		0F4BF7482C8C84310029AAB8 /* MovieAppUITests */ = {
			isa = PBXNativeTarget;
			buildConfigurationList = 0F4BF7592C8C84310029AAB8 /* Build configuration list for PBXNativeTarget "MovieAppUITests" */;
			buildPhases = (
				0F4BF7452C8C84310029AAB8 /* Sources */,
				0F4BF7462C8C84310029AAB8 /* Frameworks */,
				0F4BF7472C8C84310029AAB8 /* Resources */,
			);
			buildRules = (
			);
			dependencies = (
				0F4BF74B2C8C84310029AAB8 /* PBXTargetDependency */,
			);
			name = MovieAppUITests;
			productName = MovieAppUITests;
			productReference = 0F4BF7492C8C84310029AAB8 /* MovieAppUITests.xctest */;
			productType = "com.apple.product-type.bundle.ui-testing";
		};
/* End PBXNativeTarget section */

/* Begin PBXProject section */
		0F4BF7212C8C842F0029AAB8 /* Project object */ = {
			isa = PBXProject;
			attributes = {
				BuildIndependentTargetsInParallel = 1;
				LastSwiftUpdateCheck = 1530;
				LastUpgradeCheck = 1530;
				TargetAttributes = {
					0F4BF7282C8C842F0029AAB8 = {
						CreatedOnToolsVersion = 15.3;
					};
					0F4BF73E2C8C84310029AAB8 = {
						CreatedOnToolsVersion = 15.3;
						TestTargetID = 0F4BF7282C8C842F0029AAB8;
					};
					0F4BF7482C8C84310029AAB8 = {
						CreatedOnToolsVersion = 15.3;
						TestTargetID = 0F4BF7282C8C842F0029AAB8;
					};
				};
			};
			buildConfigurationList = 0F4BF7242C8C842F0029AAB8 /* Build configuration list for PBXProject "MovieApp" */;
			compatibilityVersion = "Xcode 14.0";
			developmentRegion = en;
			hasScannedForEncodings = 0;
			knownRegions = (
				en,
				Base,
			);
			mainGroup = 0F4BF7202C8C842F0029AAB8;
			productRefGroup = 0F4BF72A2C8C842F0029AAB8 /* Products */;
			projectDirPath = "";
			projectRoot = "";
			targets = (
				0F4BF7282C8C842F0029AAB8 /* MovieApp */,
				0F4BF73E2C8C84310029AAB8 /* MovieAppTests */,
				0F4BF7482C8C84310029AAB8 /* MovieAppUITests */,
			);
		};
/* End PBXProject section */

/* Begin PBXResourcesBuildPhase section */
		0F4BF7272C8C842F0029AAB8 /* Resources */ = {
			isa = PBXResourcesBuildPhase;
			buildActionMask = 2147483647;
			files = (
				0F4BF7362C8C84310029AAB8 /* Assets.xcassets in Resources */,
				0F1431C52C8DD7C5006708A4 /* LoaderView.xib in Resources */,
				0F4BF7392C8C84310029AAB8 /* Base in Resources */,
				0F194A562C8F45D900B0D9E8 /* SearchMovieViewController.xib in Resources */,
				0F1431BD2C8DA17C006708A4 /* MovieListTableViewCell.xib in Resources */,
				0F1431C22C8DCD78006708A4 /* PaginationLoaderTableViewCell.xib in Resources */,
				0F1431CB2C8DF731006708A4 /* ErrorView.xib in Resources */,
				0F4BF7342C8C842F0029AAB8 /* Base in Resources */,
				0F3FA59C2C90B1850077BC53 /* MovieDetailViewController.xib in Resources */,
				0F1431B72C8D9F9E006708A4 /* MovieListViewController.xib in Resources */,
			);
			runOnlyForDeploymentPostprocessing = 0;
		};
		0F4BF73D2C8C84310029AAB8 /* Resources */ = {
			isa = PBXResourcesBuildPhase;
			buildActionMask = 2147483647;
			files = (
				0F9E3A992C936C1B00C8FF77 /* SuccessPopularMoviesResponseWithNoNextPage.json in Resources */,
			);
			runOnlyForDeploymentPostprocessing = 0;
		};
		0F4BF7472C8C84310029AAB8 /* Resources */ = {
			isa = PBXResourcesBuildPhase;
			buildActionMask = 2147483647;
			files = (
			);
			runOnlyForDeploymentPostprocessing = 0;
		};
/* End PBXResourcesBuildPhase section */

/* Begin PBXSourcesBuildPhase section */
		0F4BF7252C8C842F0029AAB8 /* Sources */ = {
			isa = PBXSourcesBuildPhase;
			buildActionMask = 2147483647;
			files = (
				0F194A5A2C8F4F3800B0D9E8 /* ImageRequestResponse.swift in Sources */,
				0F194A582C8F4EB800B0D9E8 /* SearchMoviesResponse.swift in Sources */,
				0F4BF7312C8C842F0029AAB8 /* SplashViewController.swift in Sources */,
				0F4BF7792C8CCD530029AAB8 /* PopularMoviesResponse.swift in Sources */,
				0F3FA59B2C90B1850077BC53 /* MovieDetailViewController.swift in Sources */,
				0F1431C92C8DF726006708A4 /* ErrorView.swift in Sources */,
				0F4BF72D2C8C842F0029AAB8 /* AppDelegate.swift in Sources */,
				0F4BF76C2C8CAB590029AAB8 /* NetworkingError.swift in Sources */,
				0F4BF7772C8CCD260029AAB8 /* MovieDetailResponse.swift in Sources */,
				0F4BF7742C8CC2E90029AAB8 /* MovieDetail.swift in Sources */,
				0F1431BC2C8DA17C006708A4 /* MovieListTableViewCell.swift in Sources */,
				0F1431B62C8D9F9E006708A4 /* MovieListViewController.swift in Sources */,
				0F4BF76E2C8CAB590029AAB8 /* SessionProvider.swift in Sources */,
				0F4BF76B2C8CAB590029AAB8 /* ImageRequestHandler.swift in Sources */,
				0F4BF76D2C8CAB590029AAB8 /* APIRequestHandler.swift in Sources */,
				0F4BF7722C8CB4640029AAB8 /* MoviesAPI.swift in Sources */,
				0F4BF72F2C8C842F0029AAB8 /* SceneDelegate.swift in Sources */,
				0F1431C12C8DCD78006708A4 /* PaginationLoaderTableViewCell.swift in Sources */,
				0F4BF76A2C8CAB590029AAB8 /* Server.swift in Sources */,
				0F4BF7632C8CA8540029AAB8 /* Movie.swift in Sources */,
				0F1431C72C8DD815006708A4 /* LoaderView.swift in Sources */,
				0F194A552C8F45D900B0D9E8 /* SearchMovieViewController.swift in Sources */,
			);
			runOnlyForDeploymentPostprocessing = 0;
		};
		0F4BF73B2C8C84310029AAB8 /* Sources */ = {
			isa = PBXSourcesBuildPhase;
			buildActionMask = 2147483647;
			files = (
				0F9E3A972C93637B00C8FF77 /* BundleLocator.swift in Sources */,
				0F4BF7442C8C84310029AAB8 /* DefaultMoviesAPITests.swift in Sources */,
				0F8289C82C93588F00009CA2 /* MockMoviesAPI.swift in Sources */,
				0F8289CD2C93627800009CA2 /* XCTest+Extension.swift in Sources */,
				0F8289C62C9356F300009CA2 /* MovieListViewControllerTests.swift in Sources */,
			);
			runOnlyForDeploymentPostprocessing = 0;
		};
		0F4BF7452C8C84310029AAB8 /* Sources */ = {
			isa = PBXSourcesBuildPhase;
			buildActionMask = 2147483647;
			files = (
				0F4BF7502C8C84310029AAB8 /* MovieAppUITestsLaunchTests.swift in Sources */,
				0F4BF74E2C8C84310029AAB8 /* MovieAppUITests.swift in Sources */,
			);
			runOnlyForDeploymentPostprocessing = 0;
		};
/* End PBXSourcesBuildPhase section */

/* Begin PBXTargetDependency section */
		0F4BF7412C8C84310029AAB8 /* PBXTargetDependency */ = {
			isa = PBXTargetDependency;
			target = 0F4BF7282C8C842F0029AAB8 /* MovieApp */;
			targetProxy = 0F4BF7402C8C84310029AAB8 /* PBXContainerItemProxy */;
		};
		0F4BF74B2C8C84310029AAB8 /* PBXTargetDependency */ = {
			isa = PBXTargetDependency;
			target = 0F4BF7282C8C842F0029AAB8 /* MovieApp */;
			targetProxy = 0F4BF74A2C8C84310029AAB8 /* PBXContainerItemProxy */;
		};
/* End PBXTargetDependency section */

/* Begin PBXVariantGroup section */
		0F4BF7322C8C842F0029AAB8 /* Main.storyboard */ = {
			isa = PBXVariantGroup;
			children = (
				0F4BF7332C8C842F0029AAB8 /* Base */,
			);
			name = Main.storyboard;
			sourceTree = "<group>";
		};
		0F4BF7372C8C84310029AAB8 /* LaunchScreen.storyboard */ = {
			isa = PBXVariantGroup;
			children = (
				0F4BF7382C8C84310029AAB8 /* Base */,
			);
			name = LaunchScreen.storyboard;
			sourceTree = "<group>";
		};
/* End PBXVariantGroup section */

/* Begin XCBuildConfiguration section */
		0F4BF7512C8C84310029AAB8 /* Debug */ = {
			isa = XCBuildConfiguration;
			buildSettings = {
				ALWAYS_SEARCH_USER_PATHS = NO;
				ASSETCATALOG_COMPILER_GENERATE_SWIFT_ASSET_SYMBOL_EXTENSIONS = YES;
				CLANG_ANALYZER_NONNULL = YES;
				CLANG_ANALYZER_NUMBER_OBJECT_CONVERSION = YES_AGGRESSIVE;
				CLANG_CXX_LANGUAGE_STANDARD = "gnu++20";
				CLANG_ENABLE_MODULES = YES;
				CLANG_ENABLE_OBJC_ARC = YES;
				CLANG_ENABLE_OBJC_WEAK = YES;
				CLANG_WARN_BLOCK_CAPTURE_AUTORELEASING = YES;
				CLANG_WARN_BOOL_CONVERSION = YES;
				CLANG_WARN_COMMA = YES;
				CLANG_WARN_CONSTANT_CONVERSION = YES;
				CLANG_WARN_DEPRECATED_OBJC_IMPLEMENTATIONS = YES;
				CLANG_WARN_DIRECT_OBJC_ISA_USAGE = YES_ERROR;
				CLANG_WARN_DOCUMENTATION_COMMENTS = YES;
				CLANG_WARN_EMPTY_BODY = YES;
				CLANG_WARN_ENUM_CONVERSION = YES;
				CLANG_WARN_INFINITE_RECURSION = YES;
				CLANG_WARN_INT_CONVERSION = YES;
				CLANG_WARN_NON_LITERAL_NULL_CONVERSION = YES;
				CLANG_WARN_OBJC_IMPLICIT_RETAIN_SELF = YES;
				CLANG_WARN_OBJC_LITERAL_CONVERSION = YES;
				CLANG_WARN_OBJC_ROOT_CLASS = YES_ERROR;
				CLANG_WARN_QUOTED_INCLUDE_IN_FRAMEWORK_HEADER = YES;
				CLANG_WARN_RANGE_LOOP_ANALYSIS = YES;
				CLANG_WARN_STRICT_PROTOTYPES = YES;
				CLANG_WARN_SUSPICIOUS_MOVE = YES;
				CLANG_WARN_UNGUARDED_AVAILABILITY = YES_AGGRESSIVE;
				CLANG_WARN_UNREACHABLE_CODE = YES;
				CLANG_WARN__DUPLICATE_METHOD_MATCH = YES;
				COPY_PHASE_STRIP = NO;
				DEBUG_INFORMATION_FORMAT = dwarf;
				ENABLE_STRICT_OBJC_MSGSEND = YES;
				ENABLE_TESTABILITY = YES;
				ENABLE_USER_SCRIPT_SANDBOXING = YES;
				GCC_C_LANGUAGE_STANDARD = gnu17;
				GCC_DYNAMIC_NO_PIC = NO;
				GCC_NO_COMMON_BLOCKS = YES;
				GCC_OPTIMIZATION_LEVEL = 0;
				GCC_PREPROCESSOR_DEFINITIONS = (
					"DEBUG=1",
					"$(inherited)",
				);
				GCC_WARN_64_TO_32_BIT_CONVERSION = YES;
				GCC_WARN_ABOUT_RETURN_TYPE = YES_ERROR;
				GCC_WARN_UNDECLARED_SELECTOR = YES;
				GCC_WARN_UNINITIALIZED_AUTOS = YES_AGGRESSIVE;
				GCC_WARN_UNUSED_FUNCTION = YES;
				GCC_WARN_UNUSED_VARIABLE = YES;
				IPHONEOS_DEPLOYMENT_TARGET = 17.4;
				LOCALIZATION_PREFERS_STRING_CATALOGS = YES;
				MTL_ENABLE_DEBUG_INFO = INCLUDE_SOURCE;
				MTL_FAST_MATH = YES;
				ONLY_ACTIVE_ARCH = YES;
				SDKROOT = iphoneos;
				SWIFT_ACTIVE_COMPILATION_CONDITIONS = "DEBUG $(inherited)";
				SWIFT_OPTIMIZATION_LEVEL = "-Onone";
			};
			name = Debug;
		};
		0F4BF7522C8C84310029AAB8 /* Release */ = {
			isa = XCBuildConfiguration;
			buildSettings = {
				ALWAYS_SEARCH_USER_PATHS = NO;
				ASSETCATALOG_COMPILER_GENERATE_SWIFT_ASSET_SYMBOL_EXTENSIONS = YES;
				CLANG_ANALYZER_NONNULL = YES;
				CLANG_ANALYZER_NUMBER_OBJECT_CONVERSION = YES_AGGRESSIVE;
				CLANG_CXX_LANGUAGE_STANDARD = "gnu++20";
				CLANG_ENABLE_MODULES = YES;
				CLANG_ENABLE_OBJC_ARC = YES;
				CLANG_ENABLE_OBJC_WEAK = YES;
				CLANG_WARN_BLOCK_CAPTURE_AUTORELEASING = YES;
				CLANG_WARN_BOOL_CONVERSION = YES;
				CLANG_WARN_COMMA = YES;
				CLANG_WARN_CONSTANT_CONVERSION = YES;
				CLANG_WARN_DEPRECATED_OBJC_IMPLEMENTATIONS = YES;
				CLANG_WARN_DIRECT_OBJC_ISA_USAGE = YES_ERROR;
				CLANG_WARN_DOCUMENTATION_COMMENTS = YES;
				CLANG_WARN_EMPTY_BODY = YES;
				CLANG_WARN_ENUM_CONVERSION = YES;
				CLANG_WARN_INFINITE_RECURSION = YES;
				CLANG_WARN_INT_CONVERSION = YES;
				CLANG_WARN_NON_LITERAL_NULL_CONVERSION = YES;
				CLANG_WARN_OBJC_IMPLICIT_RETAIN_SELF = YES;
				CLANG_WARN_OBJC_LITERAL_CONVERSION = YES;
				CLANG_WARN_OBJC_ROOT_CLASS = YES_ERROR;
				CLANG_WARN_QUOTED_INCLUDE_IN_FRAMEWORK_HEADER = YES;
				CLANG_WARN_RANGE_LOOP_ANALYSIS = YES;
				CLANG_WARN_STRICT_PROTOTYPES = YES;
				CLANG_WARN_SUSPICIOUS_MOVE = YES;
				CLANG_WARN_UNGUARDED_AVAILABILITY = YES_AGGRESSIVE;
				CLANG_WARN_UNREACHABLE_CODE = YES;
				CLANG_WARN__DUPLICATE_METHOD_MATCH = YES;
				COPY_PHASE_STRIP = NO;
				DEBUG_INFORMATION_FORMAT = "dwarf-with-dsym";
				ENABLE_NS_ASSERTIONS = NO;
				ENABLE_STRICT_OBJC_MSGSEND = YES;
				ENABLE_USER_SCRIPT_SANDBOXING = YES;
				GCC_C_LANGUAGE_STANDARD = gnu17;
				GCC_NO_COMMON_BLOCKS = YES;
				GCC_WARN_64_TO_32_BIT_CONVERSION = YES;
				GCC_WARN_ABOUT_RETURN_TYPE = YES_ERROR;
				GCC_WARN_UNDECLARED_SELECTOR = YES;
				GCC_WARN_UNINITIALIZED_AUTOS = YES_AGGRESSIVE;
				GCC_WARN_UNUSED_FUNCTION = YES;
				GCC_WARN_UNUSED_VARIABLE = YES;
				IPHONEOS_DEPLOYMENT_TARGET = 17.4;
				LOCALIZATION_PREFERS_STRING_CATALOGS = YES;
				MTL_ENABLE_DEBUG_INFO = NO;
				MTL_FAST_MATH = YES;
				SDKROOT = iphoneos;
				SWIFT_COMPILATION_MODE = wholemodule;
				VALIDATE_PRODUCT = YES;
			};
			name = Release;
		};
		0F4BF7542C8C84310029AAB8 /* Debug */ = {
			isa = XCBuildConfiguration;
			buildSettings = {
				ASSETCATALOG_COMPILER_APPICON_NAME = AppIcon;
				ASSETCATALOG_COMPILER_GLOBAL_ACCENT_COLOR_NAME = AccentColor;
				CODE_SIGN_STYLE = Automatic;
				CURRENT_PROJECT_VERSION = 1;
				DEVELOPMENT_TEAM = BF33MP46QZ;
				GENERATE_INFOPLIST_FILE = YES;
				INFOPLIST_FILE = MovieApp/Info.plist;
				INFOPLIST_KEY_UIApplicationSupportsIndirectInputEvents = YES;
				INFOPLIST_KEY_UILaunchStoryboardName = LaunchScreen;
				INFOPLIST_KEY_UIMainStoryboardFile = Main;
				INFOPLIST_KEY_UISupportedInterfaceOrientations_iPad = "UIInterfaceOrientationPortrait UIInterfaceOrientationPortraitUpsideDown UIInterfaceOrientationLandscapeLeft UIInterfaceOrientationLandscapeRight";
				INFOPLIST_KEY_UISupportedInterfaceOrientations_iPhone = "UIInterfaceOrientationPortrait UIInterfaceOrientationLandscapeLeft UIInterfaceOrientationLandscapeRight";
				LD_RUNPATH_SEARCH_PATHS = (
					"$(inherited)",
					"@executable_path/Frameworks",
				);
				MARKETING_VERSION = 1.0;
				PRODUCT_BUNDLE_IDENTIFIER = com.rupali.MovieApp;
				PRODUCT_NAME = "$(TARGET_NAME)";
				SWIFT_EMIT_LOC_STRINGS = YES;
				SWIFT_VERSION = 5.0;
				TARGETED_DEVICE_FAMILY = "1,2";
			};
			name = Debug;
		};
		0F4BF7552C8C84310029AAB8 /* Release */ = {
			isa = XCBuildConfiguration;
			buildSettings = {
				ASSETCATALOG_COMPILER_APPICON_NAME = AppIcon;
				ASSETCATALOG_COMPILER_GLOBAL_ACCENT_COLOR_NAME = AccentColor;
				CODE_SIGN_STYLE = Automatic;
				CURRENT_PROJECT_VERSION = 1;
				DEVELOPMENT_TEAM = BF33MP46QZ;
				GENERATE_INFOPLIST_FILE = YES;
				INFOPLIST_FILE = MovieApp/Info.plist;
				INFOPLIST_KEY_UIApplicationSupportsIndirectInputEvents = YES;
				INFOPLIST_KEY_UILaunchStoryboardName = LaunchScreen;
				INFOPLIST_KEY_UIMainStoryboardFile = Main;
				INFOPLIST_KEY_UISupportedInterfaceOrientations_iPad = "UIInterfaceOrientationPortrait UIInterfaceOrientationPortraitUpsideDown UIInterfaceOrientationLandscapeLeft UIInterfaceOrientationLandscapeRight";
				INFOPLIST_KEY_UISupportedInterfaceOrientations_iPhone = "UIInterfaceOrientationPortrait UIInterfaceOrientationLandscapeLeft UIInterfaceOrientationLandscapeRight";
				LD_RUNPATH_SEARCH_PATHS = (
					"$(inherited)",
					"@executable_path/Frameworks",
				);
				MARKETING_VERSION = 1.0;
				PRODUCT_BUNDLE_IDENTIFIER = com.rupali.MovieApp;
				PRODUCT_NAME = "$(TARGET_NAME)";
				SWIFT_EMIT_LOC_STRINGS = YES;
				SWIFT_VERSION = 5.0;
				TARGETED_DEVICE_FAMILY = "1,2";
			};
			name = Release;
		};
		0F4BF7572C8C84310029AAB8 /* Debug */ = {
			isa = XCBuildConfiguration;
			buildSettings = {
				ALWAYS_EMBED_SWIFT_STANDARD_LIBRARIES = YES;
				BUNDLE_LOADER = "$(TEST_HOST)";
				CODE_SIGN_STYLE = Automatic;
				CURRENT_PROJECT_VERSION = 1;
				DEVELOPMENT_TEAM = BF33MP46QZ;
				GENERATE_INFOPLIST_FILE = YES;
				IPHONEOS_DEPLOYMENT_TARGET = 17.4;
				MARKETING_VERSION = 1.0;
				PRODUCT_BUNDLE_IDENTIFIER = com.rupali.MovieAppTests;
				PRODUCT_NAME = "$(TARGET_NAME)";
				SWIFT_EMIT_LOC_STRINGS = NO;
				SWIFT_VERSION = 5.0;
				TARGETED_DEVICE_FAMILY = "1,2";
				TEST_HOST = "$(BUILT_PRODUCTS_DIR)/MovieApp.app/$(BUNDLE_EXECUTABLE_FOLDER_PATH)/MovieApp";
			};
			name = Debug;
		};
		0F4BF7582C8C84310029AAB8 /* Release */ = {
			isa = XCBuildConfiguration;
			buildSettings = {
				ALWAYS_EMBED_SWIFT_STANDARD_LIBRARIES = YES;
				BUNDLE_LOADER = "$(TEST_HOST)";
				CODE_SIGN_STYLE = Automatic;
				CURRENT_PROJECT_VERSION = 1;
				DEVELOPMENT_TEAM = BF33MP46QZ;
				GENERATE_INFOPLIST_FILE = YES;
				IPHONEOS_DEPLOYMENT_TARGET = 17.4;
				MARKETING_VERSION = 1.0;
				PRODUCT_BUNDLE_IDENTIFIER = com.rupali.MovieAppTests;
				PRODUCT_NAME = "$(TARGET_NAME)";
				SWIFT_EMIT_LOC_STRINGS = NO;
				SWIFT_VERSION = 5.0;
				TARGETED_DEVICE_FAMILY = "1,2";
				TEST_HOST = "$(BUILT_PRODUCTS_DIR)/MovieApp.app/$(BUNDLE_EXECUTABLE_FOLDER_PATH)/MovieApp";
			};
			name = Release;
		};
		0F4BF75A2C8C84310029AAB8 /* Debug */ = {
			isa = XCBuildConfiguration;
			buildSettings = {
				ALWAYS_EMBED_SWIFT_STANDARD_LIBRARIES = YES;
				CODE_SIGN_STYLE = Automatic;
				CURRENT_PROJECT_VERSION = 1;
				DEVELOPMENT_TEAM = BF33MP46QZ;
				GENERATE_INFOPLIST_FILE = YES;
				MARKETING_VERSION = 1.0;
				PRODUCT_BUNDLE_IDENTIFIER = com.rupali.MovieAppUITests;
				PRODUCT_NAME = "$(TARGET_NAME)";
				SWIFT_EMIT_LOC_STRINGS = NO;
				SWIFT_VERSION = 5.0;
				TARGETED_DEVICE_FAMILY = "1,2";
				TEST_TARGET_NAME = MovieApp;
			};
			name = Debug;
		};
		0F4BF75B2C8C84310029AAB8 /* Release */ = {
			isa = XCBuildConfiguration;
			buildSettings = {
				ALWAYS_EMBED_SWIFT_STANDARD_LIBRARIES = YES;
				CODE_SIGN_STYLE = Automatic;
				CURRENT_PROJECT_VERSION = 1;
				DEVELOPMENT_TEAM = BF33MP46QZ;
				GENERATE_INFOPLIST_FILE = YES;
				MARKETING_VERSION = 1.0;
				PRODUCT_BUNDLE_IDENTIFIER = com.rupali.MovieAppUITests;
				PRODUCT_NAME = "$(TARGET_NAME)";
				SWIFT_EMIT_LOC_STRINGS = NO;
				SWIFT_VERSION = 5.0;
				TARGETED_DEVICE_FAMILY = "1,2";
				TEST_TARGET_NAME = MovieApp;
			};
			name = Release;
		};
/* End XCBuildConfiguration section */

/* Begin XCConfigurationList section */
		0F4BF7242C8C842F0029AAB8 /* Build configuration list for PBXProject "MovieApp" */ = {
			isa = XCConfigurationList;
			buildConfigurations = (
				0F4BF7512C8C84310029AAB8 /* Debug */,
				0F4BF7522C8C84310029AAB8 /* Release */,
			);
			defaultConfigurationIsVisible = 0;
			defaultConfigurationName = Release;
		};
		0F4BF7532C8C84310029AAB8 /* Build configuration list for PBXNativeTarget "MovieApp" */ = {
			isa = XCConfigurationList;
			buildConfigurations = (
				0F4BF7542C8C84310029AAB8 /* Debug */,
				0F4BF7552C8C84310029AAB8 /* Release */,
			);
			defaultConfigurationIsVisible = 0;
			defaultConfigurationName = Release;
		};
		0F4BF7562C8C84310029AAB8 /* Build configuration list for PBXNativeTarget "MovieAppTests" */ = {
			isa = XCConfigurationList;
			buildConfigurations = (
				0F4BF7572C8C84310029AAB8 /* Debug */,
				0F4BF7582C8C84310029AAB8 /* Release */,
			);
			defaultConfigurationIsVisible = 0;
			defaultConfigurationName = Release;
		};
		0F4BF7592C8C84310029AAB8 /* Build configuration list for PBXNativeTarget "MovieAppUITests" */ = {
			isa = XCConfigurationList;
			buildConfigurations = (
				0F4BF75A2C8C84310029AAB8 /* Debug */,
				0F4BF75B2C8C84310029AAB8 /* Release */,
			);
			defaultConfigurationIsVisible = 0;
			defaultConfigurationName = Release;
		};
/* End XCConfigurationList section */
	};
	rootObject = 0F4BF7212C8C842F0029AAB8 /* Project object */;
}
